
Microsoft Visual Studio Solution File, Format Version 12.00
# Visual Studio Version 16
VisualStudioVersion = 16.0.31112.23
MinimumVisualStudioVersion = 10.0.40219.1
Project("{9092AA53-FB77-4645-B42D-1CCCA6BD08BD}") = "api_kit_client", "api_kit_client.njsproj", "{E569A86C-BD40-4080-B64D-CD26C3118933}"
EndProject
Global
	GlobalSection(SolutionConfigurationPlatforms) = preSolution
		Debug|Any CPU = Debug|Any CPU
		Release|Any CPU = Release|Any CPU
	EndGlobalSection
	GlobalSection(ProjectConfigurationPlatforms) = postSolution
		{E569A86C-BD40-4080-B64D-CD26C3118933}.Debug|Any CPU.ActiveCfg = Debug|Any CPU
		{E569A86C-BD40-4080-B64D-CD26C3118933}.Debug|Any CPU.Build.0 = Debug|Any CPU
		{E569A86C-BD40-4080-B64D-CD26C3118933}.Release|Any CPU.ActiveCfg = Release|Any CPU
		{E569A86C-BD40-4080-B64D-CD26C3118933}.Release|Any CPU.Build.0 = Release|Any CPU
	EndGlobalSection
	GlobalSection(SolutionProperties) = preSolution
		HideSolutionNode = FALSE
	EndGlobalSection
	GlobalSection(ExtensibilityGlobals) = postSolution
		SolutionGuid = {69793669-84B5-421B-8D95-358D762E8611}
	EndGlobalSection
EndGlobal
